
Microsoft Visual Studio Solution File, Format Version 12.00
# Visual Studio Version 17
VisualStudioVersion = 17.2.32616.157
MinimumVisualStudioVersion = 10.0.40219.1
Project("{FAE04EC0-301F-11D3-BF4B-00C04F79EFBC}") = "Abstract1", "Abstract1.csproj", "{C1B9BA05-AEDB-4D71-8C78-47011C2CF0C0}"
EndProject
Project("{FAE04EC0-301F-11D3-BF4B-00C04F79EFBC}") = "Abstract2", "..\Abstract2\Abstract2.csproj", "{82E602C4-8AA3-4B32-A4F0-7DAD706B4D49}"
EndProject
Project("{FAE04EC0-301F-11D3-BF4B-00C04F79EFBC}") = "Abstract3", "..\Abstract3\Abstract3.csproj", "{3CD3B1E9-0657-4FF6-9843-8E5EBC6EE612}"
EndProject
Global
	GlobalSection(SolutionConfigurationPlatforms) = preSolution
		Debug|Any CPU = Debug|Any CPU
		Release|Any CPU = Release|Any CPU
	EndGlobalSection
	GlobalSection(ProjectConfigurationPlatforms) = postSolution
		{C1B9BA05-AEDB-4D71-8C78-47011C2CF0C0}.Debug|Any CPU.ActiveCfg = Debug|Any CPU
		{C1B9BA05-AEDB-4D71-8C78-47011C2CF0C0}.Debug|Any CPU.Build.0 = Debug|Any CPU
		{C1B9BA05-AEDB-4D71-8C78-47011C2CF0C0}.Release|Any CPU.ActiveCfg = Release|Any CPU
		{C1B9BA05-AEDB-4D71-8C78-47011C2CF0C0}.Release|Any CPU.Build.0 = Release|Any CPU
		{82E602C4-8AA3-4B32-A4F0-7DAD706B4D49}.Debug|Any CPU.ActiveCfg = Debug|Any CPU
		{82E602C4-8AA3-4B32-A4F0-7DAD706B4D49}.Debug|Any CPU.Build.0 = Debug|Any CPU
		{82E602C4-8AA3-4B32-A4F0-7DAD706B4D49}.Release|Any CPU.ActiveCfg = Release|Any CPU
		{82E602C4-8AA3-4B32-A4F0-7DAD706B4D49}.Release|Any CPU.Build.0 = Release|Any CPU
		{3CD3B1E9-0657-4FF6-9843-8E5EBC6EE612}.Debug|Any CPU.ActiveCfg = Debug|Any CPU
		{3CD3B1E9-0657-4FF6-9843-8E5EBC6EE612}.Debug|Any CPU.Build.0 = Debug|Any CPU
		{3CD3B1E9-0657-4FF6-9843-8E5EBC6EE612}.Release|Any CPU.ActiveCfg = Release|Any CPU
		{3CD3B1E9-0657-4FF6-9843-8E5EBC6EE612}.Release|Any CPU.Build.0 = Release|Any CPU
	EndGlobalSection
	GlobalSection(SolutionProperties) = preSolution
		HideSolutionNode = FALSE
	EndGlobalSection
	GlobalSection(ExtensibilityGlobals) = postSolution
		SolutionGuid = {6535C8A5-E9FF-4661-862C-C3FFCCC7A98F}
	EndGlobalSection
EndGlobal
