
Microsoft Visual Studio Solution File, Format Version 12.00
# Visual Studio Version 17
VisualStudioVersion = 17.2.32616.157
MinimumVisualStudioVersion = 10.0.40219.1
Project("{FAE04EC0-301F-11D3-BF4B-00C04F79EFBC}") = "Structures1", "Structures1.csproj", "{0AAB1C81-10EB-444A-8E4A-87F99ACB5FF6}"
EndProject
Project("{FAE04EC0-301F-11D3-BF4B-00C04F79EFBC}") = "Structures2", "..\Structures2\Structures2.csproj", "{03027B5E-7AA7-4862-BC54-C23BAF98044F}"
EndProject
Project("{FAE04EC0-301F-11D3-BF4B-00C04F79EFBC}") = "Structures3", "..\Structures3\Structures3.csproj", "{37B34F1B-EC3B-446A-93B4-E76C6235619F}"
EndProject
Global
	GlobalSection(SolutionConfigurationPlatforms) = preSolution
		Debug|Any CPU = Debug|Any CPU
		Release|Any CPU = Release|Any CPU
	EndGlobalSection
	GlobalSection(ProjectConfigurationPlatforms) = postSolution
		{0AAB1C81-10EB-444A-8E4A-87F99ACB5FF6}.Debug|Any CPU.ActiveCfg = Debug|Any CPU
		{0AAB1C81-10EB-444A-8E4A-87F99ACB5FF6}.Debug|Any CPU.Build.0 = Debug|Any CPU
		{0AAB1C81-10EB-444A-8E4A-87F99ACB5FF6}.Release|Any CPU.ActiveCfg = Release|Any CPU
		{0AAB1C81-10EB-444A-8E4A-87F99ACB5FF6}.Release|Any CPU.Build.0 = Release|Any CPU
		{03027B5E-7AA7-4862-BC54-C23BAF98044F}.Debug|Any CPU.ActiveCfg = Debug|Any CPU
		{03027B5E-7AA7-4862-BC54-C23BAF98044F}.Debug|Any CPU.Build.0 = Debug|Any CPU
		{03027B5E-7AA7-4862-BC54-C23BAF98044F}.Release|Any CPU.ActiveCfg = Release|Any CPU
		{03027B5E-7AA7-4862-BC54-C23BAF98044F}.Release|Any CPU.Build.0 = Release|Any CPU
		{37B34F1B-EC3B-446A-93B4-E76C6235619F}.Debug|Any CPU.ActiveCfg = Debug|Any CPU
		{37B34F1B-EC3B-446A-93B4-E76C6235619F}.Debug|Any CPU.Build.0 = Debug|Any CPU
		{37B34F1B-EC3B-446A-93B4-E76C6235619F}.Release|Any CPU.ActiveCfg = Release|Any CPU
		{37B34F1B-EC3B-446A-93B4-E76C6235619F}.Release|Any CPU.Build.0 = Release|Any CPU
	EndGlobalSection
	GlobalSection(SolutionProperties) = preSolution
		HideSolutionNode = FALSE
	EndGlobalSection
	GlobalSection(ExtensibilityGlobals) = postSolution
		SolutionGuid = {B4F70637-9C45-451D-A265-A5C87C8A7B9A}
	EndGlobalSection
EndGlobal
