
Microsoft Visual Studio Solution File, Format Version 12.00
# Visual Studio Version 17
VisualStudioVersion = 17.2.32616.157
MinimumVisualStudioVersion = 10.0.40219.1
Project("{FAE04EC0-301F-11D3-BF4B-00C04F79EFBC}") = "Delegates1", "Delegates1.csproj", "{5E2A8AFE-EE15-4F41-A490-36DF818D1153}"
EndProject
Project("{FAE04EC0-301F-11D3-BF4B-00C04F79EFBC}") = "Delegates2", "..\Delegates2\Delegates2.csproj", "{23B5CF7B-61DD-4202-92CE-75FEDA1E5ABD}"
EndProject
Global
	GlobalSection(SolutionConfigurationPlatforms) = preSolution
		Debug|Any CPU = Debug|Any CPU
		Release|Any CPU = Release|Any CPU
	EndGlobalSection
	GlobalSection(ProjectConfigurationPlatforms) = postSolution
		{5E2A8AFE-EE15-4F41-A490-36DF818D1153}.Debug|Any CPU.ActiveCfg = Debug|Any CPU
		{5E2A8AFE-EE15-4F41-A490-36DF818D1153}.Debug|Any CPU.Build.0 = Debug|Any CPU
		{5E2A8AFE-EE15-4F41-A490-36DF818D1153}.Release|Any CPU.ActiveCfg = Release|Any CPU
		{5E2A8AFE-EE15-4F41-A490-36DF818D1153}.Release|Any CPU.Build.0 = Release|Any CPU
		{23B5CF7B-61DD-4202-92CE-75FEDA1E5ABD}.Debug|Any CPU.ActiveCfg = Debug|Any CPU
		{23B5CF7B-61DD-4202-92CE-75FEDA1E5ABD}.Debug|Any CPU.Build.0 = Debug|Any CPU
		{23B5CF7B-61DD-4202-92CE-75FEDA1E5ABD}.Release|Any CPU.ActiveCfg = Release|Any CPU
		{23B5CF7B-61DD-4202-92CE-75FEDA1E5ABD}.Release|Any CPU.Build.0 = Release|Any CPU
	EndGlobalSection
	GlobalSection(SolutionProperties) = preSolution
		HideSolutionNode = FALSE
	EndGlobalSection
	GlobalSection(ExtensibilityGlobals) = postSolution
		SolutionGuid = {120D18F4-2BA1-42F0-8FF5-CA70A35D3A43}
	EndGlobalSection
EndGlobal
